
Microsoft Visual Studio Solution File, Format Version 12.00
# Visual Studio 14
VisualStudioVersion = 14.0.24720.0
MinimumVisualStudioVersion = 10.0.40219.1
Project("{FAE04EC0-301F-11D3-BF4B-00C04F79EFBC}") = "SpreadsheetEngine", "SpreadsheetEngine\SpreadsheetEngine.csproj", "{3CF5DF47-E232-4F63-9076-776DD7CDB662}"
EndProject
Project("{FAE04EC0-301F-11D3-BF4B-00C04F79EFBC}") = "ExpressionTreeApp", "ExpressionTreeApp\ExpressionTreeApp.csproj", "{1A30E2BD-12A9-4528-8163-0F52306D2319}"
EndProject
Global
	GlobalSection(SolutionConfigurationPlatforms) = preSolution
		Debug|Any CPU = Debug|Any CPU
		Release|Any CPU = Release|Any CPU
	EndGlobalSection
	GlobalSection(ProjectConfigurationPlatforms) = postSolution
		{3CF5DF47-E232-4F63-9076-776DD7CDB662}.Debug|Any CPU.ActiveCfg = Debug|Any CPU
		{3CF5DF47-E232-4F63-9076-776DD7CDB662}.Debug|Any CPU.Build.0 = Debug|Any CPU
		{3CF5DF47-E232-4F63-9076-776DD7CDB662}.Release|Any CPU.ActiveCfg = Release|Any CPU
		{3CF5DF47-E232-4F63-9076-776DD7CDB662}.Release|Any CPU.Build.0 = Release|Any CPU
		{1A30E2BD-12A9-4528-8163-0F52306D2319}.Debug|Any CPU.ActiveCfg = Debug|Any CPU
		{1A30E2BD-12A9-4528-8163-0F52306D2319}.Debug|Any CPU.Build.0 = Debug|Any CPU
		{1A30E2BD-12A9-4528-8163-0F52306D2319}.Release|Any CPU.ActiveCfg = Release|Any CPU
		{1A30E2BD-12A9-4528-8163-0F52306D2319}.Release|Any CPU.Build.0 = Release|Any CPU
	EndGlobalSection
	GlobalSection(SolutionProperties) = preSolution
		HideSolutionNode = FALSE
	EndGlobalSection
EndGlobal
